# THIS IS AN AUTOGENERATED FILE. DO NOT EDIT THIS FILE DIRECTLY.
# yarn lockfile v1


csv-parse@^4.10.1:
  version "4.10.1"
  resolved "https://registry.yarnpkg.com/csv-parse/-/csv-parse-4.10.1.tgz#1e26ba63d29c75e94d0eba6e9de9a8aaf89d72a6"
  integrity sha512-gdDJVchi0oSLIcYXz1H/VSgLE6htHDqJyFsRU/vTkQgmVOZ3S0IR2LXnNbWUYG7VD76dYVwdfBLyx8AX9+An8A==

maxmind@^4.1.1:
  version "4.1.1"
  resolved "https://registry.yarnpkg.com/maxmind/-/maxmind-4.1.1.tgz#9a485a011ec006b861589f0ac46d56c18f47deee"
  integrity sha512-UXl4Gs/mt13xK+mCsH9KmFra3u1xyaVXtKS1bG3o7CFyidyDmMgkP/qbQqGDxH/C2Q1jkcfrMS6DbFLOf0B/dQ==
  dependencies:
    tiny-lru "7.0.2"

tiny-lru@7.0.2:
  version "7.0.2"
  resolved "https://registry.yarnpkg.com/tiny-lru/-/tiny-lru-7.0.2.tgz#6a8853deb1e355f4c8863bf1289337e3e3a7e973"
  integrity sha512-cmc9OOwmnAJtyFBYaznKR3abypEhWecarFrvS5db6qwSgoaDUWV0JX+mdh6B9wN60Wux3+gE1vjzxkoqxFBjqw==

ua-parser-js@^0.7.21:
  version "0.7.21"
  resolved "https://registry.yarnpkg.com/ua-parser-js/-/ua-parser-js-0.7.21.tgz#853cf9ce93f642f67174273cc34565ae6f308777"
  integrity sha512-+O8/qh/Qj8CgC6eYBVBykMrNtp5Gebn4dlGD/kKXVkJNDwyrAwSIqwz8CDf+tsAIWVycKcku6gIXJ0qwx/ZXaQ==
